
Microsoft Visual Studio Solution File, Format Version 12.00
# Visual Studio Version 16
VisualStudioVersion = 16.0.30011.22
MinimumVisualStudioVersion = 10.0.40219.1
Project("{9A19103F-16F7-4668-BE54-9A1E7A4F7556}") = "BaseApiEfDocker", "BaseApiEfDocker.csproj", "{3B6D2E88-F23A-44AC-83C6-5B8B707D5066}"
EndProject
Global
	GlobalSection(SolutionConfigurationPlatforms) = preSolution
		Debug|Any CPU = Debug|Any CPU
		Release|Any CPU = Release|Any CPU
	EndGlobalSection
	GlobalSection(ProjectConfigurationPlatforms) = postSolution
		{3B6D2E88-F23A-44AC-83C6-5B8B707D5066}.Debug|Any CPU.ActiveCfg = Debug|Any CPU
		{3B6D2E88-F23A-44AC-83C6-5B8B707D5066}.Debug|Any CPU.Build.0 = Debug|Any CPU
		{3B6D2E88-F23A-44AC-83C6-5B8B707D5066}.Release|Any CPU.ActiveCfg = Release|Any CPU
		{3B6D2E88-F23A-44AC-83C6-5B8B707D5066}.Release|Any CPU.Build.0 = Release|Any CPU
	EndGlobalSection
	GlobalSection(SolutionProperties) = preSolution
		HideSolutionNode = FALSE
	EndGlobalSection
	GlobalSection(ExtensibilityGlobals) = postSolution
		SolutionGuid = {00DECE70-B05E-482E-BCDB-D66C3F92AD51}
	EndGlobalSection
EndGlobal
